
Microsoft Visual Studio Solution File, Format Version 12.00
Project("{FAE04EC0-301F-11D3-BF4B-00C04F79EFBC}") = "twitchbot", "twitchbot\twitchbot.csproj", "{EFA00FBE-737C-49ED-837F-A32687A9F6A3}"
EndProject
Project("{FAE04EC0-301F-11D3-BF4B-00C04F79EFBC}") = "twitchstreambot", "twitchstreambot\twitchstreambot.csproj", "{68282A79-C0F3-40BA-9AEB-2D5A756265AF}"
EndProject
Global
	GlobalSection(SolutionConfigurationPlatforms) = preSolution
		Debug|Any CPU = Debug|Any CPU
		Release|Any CPU = Release|Any CPU
	EndGlobalSection
	GlobalSection(ProjectConfigurationPlatforms) = postSolution
		{EFA00FBE-737C-49ED-837F-A32687A9F6A3}.Debug|Any CPU.ActiveCfg = Debug|Any CPU
		{EFA00FBE-737C-49ED-837F-A32687A9F6A3}.Debug|Any CPU.Build.0 = Debug|Any CPU
		{EFA00FBE-737C-49ED-837F-A32687A9F6A3}.Release|Any CPU.ActiveCfg = Release|Any CPU
		{EFA00FBE-737C-49ED-837F-A32687A9F6A3}.Release|Any CPU.Build.0 = Release|Any CPU
		{68282A79-C0F3-40BA-9AEB-2D5A756265AF}.Debug|Any CPU.ActiveCfg = Debug|Any CPU
		{68282A79-C0F3-40BA-9AEB-2D5A756265AF}.Debug|Any CPU.Build.0 = Debug|Any CPU
		{68282A79-C0F3-40BA-9AEB-2D5A756265AF}.Release|Any CPU.ActiveCfg = Release|Any CPU
		{68282A79-C0F3-40BA-9AEB-2D5A756265AF}.Release|Any CPU.Build.0 = Release|Any CPU
	EndGlobalSection
EndGlobal
